
Microsoft Visual Studio Solution File, Format Version 12.00
# Visual Studio Version 16
VisualStudioVersion = 16.0.30011.22
MinimumVisualStudioVersion = 10.0.40219.1
Project("{9A19103F-16F7-4668-BE54-9A1E7A4F7556}") = "WebAppCoreWebCon", "WebAppCoreWebCon\WebAppCoreWebCon.csproj", "{CAF34A75-87A5-4BF5-9B28-CAB63104FFF2}"
EndProject
Project("{9A19103F-16F7-4668-BE54-9A1E7A4F7556}") = "DoradoB2BCoreContext", "DoradoB2BCoreContext\DoradoB2BCoreContext.csproj", "{8C07C78B-339C-4C28-AA34-3730AA3710FE}"
EndProject
Project("{9A19103F-16F7-4668-BE54-9A1E7A4F7556}") = "EnryptDecrypt", "EnryptDecrypt\EnryptDecrypt.csproj", "{FE17121A-C86D-492D-9FB8-227E10B311EE}"
EndProject
Project("{FAE04EC0-301F-11D3-BF4B-00C04F79EFBC}") = "EnryptDecryptForm", "EnryptDecryptForm\EnryptDecryptForm.csproj", "{DB45A1F7-DC31-409D-97C1-BCD66A28067F}"
EndProject
Global
	GlobalSection(SolutionConfigurationPlatforms) = preSolution
		Debug|Any CPU = Debug|Any CPU
		Release|Any CPU = Release|Any CPU
	EndGlobalSection
	GlobalSection(ProjectConfigurationPlatforms) = postSolution
		{CAF34A75-87A5-4BF5-9B28-CAB63104FFF2}.Debug|Any CPU.ActiveCfg = Debug|Any CPU
		{CAF34A75-87A5-4BF5-9B28-CAB63104FFF2}.Debug|Any CPU.Build.0 = Debug|Any CPU
		{CAF34A75-87A5-4BF5-9B28-CAB63104FFF2}.Release|Any CPU.ActiveCfg = Release|Any CPU
		{CAF34A75-87A5-4BF5-9B28-CAB63104FFF2}.Release|Any CPU.Build.0 = Release|Any CPU
		{8C07C78B-339C-4C28-AA34-3730AA3710FE}.Debug|Any CPU.ActiveCfg = Debug|Any CPU
		{8C07C78B-339C-4C28-AA34-3730AA3710FE}.Debug|Any CPU.Build.0 = Debug|Any CPU
		{8C07C78B-339C-4C28-AA34-3730AA3710FE}.Release|Any CPU.ActiveCfg = Release|Any CPU
		{8C07C78B-339C-4C28-AA34-3730AA3710FE}.Release|Any CPU.Build.0 = Release|Any CPU
		{FE17121A-C86D-492D-9FB8-227E10B311EE}.Debug|Any CPU.ActiveCfg = Debug|Any CPU
		{FE17121A-C86D-492D-9FB8-227E10B311EE}.Debug|Any CPU.Build.0 = Debug|Any CPU
		{FE17121A-C86D-492D-9FB8-227E10B311EE}.Release|Any CPU.ActiveCfg = Release|Any CPU
		{FE17121A-C86D-492D-9FB8-227E10B311EE}.Release|Any CPU.Build.0 = Release|Any CPU
		{DB45A1F7-DC31-409D-97C1-BCD66A28067F}.Debug|Any CPU.ActiveCfg = Debug|Any CPU
		{DB45A1F7-DC31-409D-97C1-BCD66A28067F}.Debug|Any CPU.Build.0 = Debug|Any CPU
		{DB45A1F7-DC31-409D-97C1-BCD66A28067F}.Release|Any CPU.ActiveCfg = Release|Any CPU
		{DB45A1F7-DC31-409D-97C1-BCD66A28067F}.Release|Any CPU.Build.0 = Release|Any CPU
	EndGlobalSection
	GlobalSection(SolutionProperties) = preSolution
		HideSolutionNode = FALSE
	EndGlobalSection
	GlobalSection(ExtensibilityGlobals) = postSolution
		SolutionGuid = {69A5CA87-800B-44CC-9BA5-A42B8755D871}
	EndGlobalSection
EndGlobal
